Microsoft Visual Studio Solution File, Format Version 12.00
# Visual Studio 15
VisualStudioVersion = 15.0.27004.2006
MinimumVisualStudioVersion = 15.0.26124.0
Project("{2150E333-8FDC-42A3-9474-1A3956D46DE8}") = "src", "src", "{F6AA8172-899E-48F1-A690-558B11432EDA}"
EndProject
Project("{FAE04EC0-301F-11D3-BF4B-00C04F79EFBC}") = "GameModel", "src\GameModel\GameModel.csproj", "{F8BB67A2-5FD2-4DD7-8608-C52101A31BE2}"
EndProject
Project("{2150E333-8FDC-42A3-9474-1A3956D46DE8}") = "tests", "tests", "{015C9BE0-93C0-40EB-8C9D-9947B041739A}"
EndProject
Project("{FAE04EC0-301F-11D3-BF4B-00C04F79EFBC}") = "GameModel.Tests", "tests\GameModel.Tests\GameModel.Tests.csproj", "{D204FC3F-E387-4AAE-80CB-5001C4364F5E}"
EndProject
Project("{FAE04EC0-301F-11D3-BF4B-00C04F79EFBC}") = "GameModel.Messages", "src\GameModel.Messages\GameModel.Messages.csproj", "{CBED8838-99C5-491B-9435-1D4F1DD8BE56}"
EndProject
Project("{FAE04EC0-301F-11D3-BF4B-00C04F79EFBC}") = "GameModel.Client", "src\GameModel.Client\GameModel.Client.csproj", "{A4C75EB7-C945-4217-BDBA-C7FAA82AA2C1}"
EndProject
Project("{FAE04EC0-301F-11D3-BF4B-00C04F79EFBC}") = "KitchenUtensils.Common", "src\KitchenUtensils.Common\KitchenUtensils.Common.csproj", "{2E83EF3D-C593-4ACD-9A11-7FD44DEDBD21}"
EndProject
Global
	GlobalSection(SolutionConfigurationPlatforms) = preSolution
		Debug|Any CPU = Debug|Any CPU
		Release|Any CPU = Release|Any CPU
	EndGlobalSection
	GlobalSection(ProjectConfigurationPlatforms) = postSolution
		{F8BB67A2-5FD2-4DD7-8608-C52101A31BE2}.Debug|Any CPU.ActiveCfg = Debug|Any CPU
		{F8BB67A2-5FD2-4DD7-8608-C52101A31BE2}.Debug|Any CPU.Build.0 = Debug|Any CPU
		{F8BB67A2-5FD2-4DD7-8608-C52101A31BE2}.Release|Any CPU.ActiveCfg = Release|Any CPU
		{F8BB67A2-5FD2-4DD7-8608-C52101A31BE2}.Release|Any CPU.Build.0 = Release|Any CPU
		{D204FC3F-E387-4AAE-80CB-5001C4364F5E}.Debug|Any CPU.ActiveCfg = Debug|Any CPU
		{D204FC3F-E387-4AAE-80CB-5001C4364F5E}.Debug|Any CPU.Build.0 = Debug|Any CPU
		{D204FC3F-E387-4AAE-80CB-5001C4364F5E}.Release|Any CPU.ActiveCfg = Release|Any CPU
		{D204FC3F-E387-4AAE-80CB-5001C4364F5E}.Release|Any CPU.Build.0 = Release|Any CPU
		{CBED8838-99C5-491B-9435-1D4F1DD8BE56}.Debug|Any CPU.ActiveCfg = Debug|Any CPU
		{CBED8838-99C5-491B-9435-1D4F1DD8BE56}.Debug|Any CPU.Build.0 = Debug|Any CPU
		{CBED8838-99C5-491B-9435-1D4F1DD8BE56}.Release|Any CPU.ActiveCfg = Release|Any CPU
		{CBED8838-99C5-491B-9435-1D4F1DD8BE56}.Release|Any CPU.Build.0 = Release|Any CPU
		{A4C75EB7-C945-4217-BDBA-C7FAA82AA2C1}.Debug|Any CPU.ActiveCfg = Debug|Any CPU
		{A4C75EB7-C945-4217-BDBA-C7FAA82AA2C1}.Debug|Any CPU.Build.0 = Debug|Any CPU
		{A4C75EB7-C945-4217-BDBA-C7FAA82AA2C1}.Release|Any CPU.ActiveCfg = Release|Any CPU
		{A4C75EB7-C945-4217-BDBA-C7FAA82AA2C1}.Release|Any CPU.Build.0 = Release|Any CPU
		{2E83EF3D-C593-4ACD-9A11-7FD44DEDBD21}.Debug|Any CPU.ActiveCfg = Debug|Any CPU
		{2E83EF3D-C593-4ACD-9A11-7FD44DEDBD21}.Debug|Any CPU.Build.0 = Debug|Any CPU
		{2E83EF3D-C593-4ACD-9A11-7FD44DEDBD21}.Release|Any CPU.ActiveCfg = Release|Any CPU
		{2E83EF3D-C593-4ACD-9A11-7FD44DEDBD21}.Release|Any CPU.Build.0 = Release|Any CPU
	EndGlobalSection
	GlobalSection(SolutionProperties) = preSolution
		HideSolutionNode = FALSE
	EndGlobalSection
	GlobalSection(NestedProjects) = preSolution
		{F8BB67A2-5FD2-4DD7-8608-C52101A31BE2} = {F6AA8172-899E-48F1-A690-558B11432EDA}
		{D204FC3F-E387-4AAE-80CB-5001C4364F5E} = {015C9BE0-93C0-40EB-8C9D-9947B041739A}
		{CBED8838-99C5-491B-9435-1D4F1DD8BE56} = {F6AA8172-899E-48F1-A690-558B11432EDA}
		{A4C75EB7-C945-4217-BDBA-C7FAA82AA2C1} = {F6AA8172-899E-48F1-A690-558B11432EDA}
		{2E83EF3D-C593-4ACD-9A11-7FD44DEDBD21} = {F6AA8172-899E-48F1-A690-558B11432EDA}
	EndGlobalSection
	GlobalSection(ExtensibilityGlobals) = postSolution
		SolutionGuid = {DCD9F838-36AF-4350-AD5F-292250472F8F}
	EndGlobalSection
EndGlobal
